{
  "nodes": {
    "nixpkgs": {
      "locked": {
        "lastModified": 1717947220,
        "narHash": "sha256-aPidCRZUrnIGBkjlwSa8cgLvEYfWuiZXs0RkQ39hRtE=",
        "owner": "NixOS",
        "repo": "nixpkgs",
        "rev": "926be0145878c2b29cd869b463ba1f6868f58e60",
        "type": "github"
      },
      "original": {
        "owner": "NixOS",
        "repo": "nixpkgs",
        "type": "github"
      }
    },
    "root": {
      "inputs": {
        "nixpkgs": "nixpkgs"
      }
    }
  },
  "root": "root",
  "version": 7
}
